<?xml version="1.0" encoding="utf-8"?>
<Project ToolsVersion="4.0" xmlns="http://schemas.microsoft.com/developer/msbuild/2003">
  <ItemGroup>
    <Filter Include="源文件">
      <UniqueIdentifier>{4FC737F1-C7A5-4376-A066-2A32D752A2FF}</UniqueIdentifier>
      <Extensions>cpp;c;cc;cxx;c++;cppm;ixx;def;odl;idl;hpj;bat;asm;asmx</Extensions>
    </Filter>
    <Filter Include="头文件">
      <UniqueIdentifier>{93995380-89BD-4b04-88EB-625FBE52EBFB}</UniqueIdentifier>
      <Extensions>h;hh;hpp;hxx;h++;hm;inl;inc;ipp;xsd</Extensions>
    </Filter>
    <Filter Include="资源文件">
      <UniqueIdentifier>{67DA6AB6-F800-4c08-8B7A-83BB121AAD01}</UniqueIdentifier>
      <Extensions>rc;ico;cur;bmp;dlg;rc2;rct;bin;rgs;gif;jpg;jpeg;jpe;resx;tiff;tif;png;wav;mfcribbon-ms</Extensions>
    </Filter>
    <Filter Include="基础层">
      <UniqueIdentifier>{56c3a4e1-c29c-4d5e-a5bc-21f6b762f627}</UniqueIdentifier>
    </Filter>
    <Filter Include="业务层">
      <UniqueIdentifier>{a4b0fe4d-a0f5-4d02-9c71-6b2afdf1a0a6}</UniqueIdentifier>
    </Filter>
    <Filter Include="文档">
      <UniqueIdentifier>{5cc45e2a-8388-48a4-97eb-b788e7bd63f7}</UniqueIdentifier>
    </Filter>
  </ItemGroup>
  <ItemGroup>
    <ClInclude Include="framework.h">
      <Filter>头文件</Filter>
    </ClInclude>
    <ClInclude Include="targetver.h">
      <Filter>头文件</Filter>
    </ClInclude>
    <ClInclude Include="Resource.h">
      <Filter>头文件</Filter>
    </ClInclude>
    <ClInclude Include="autoChat.h">
      <Filter>头文件</Filter>
    </ClInclude>
    <ClInclude Include="AppFinder.h">
      <Filter>基础层</Filter>
    </ClInclude>
    <ClInclude Include="WindowsController.h">
      <Filter>基础层</Filter>
    </ClInclude>
    <ClInclude Include="InputSimulator.h">
      <Filter>基础层</Filter>
    </ClInclude>
    <ClInclude Include="WeChatAutomation.h">
      <Filter>业务层</Filter>
    </ClInclude>
  </ItemGroup>
  <ItemGroup>
    <ClCompile Include="autoChat.cpp">
      <Filter>源文件</Filter>
    </ClCompile>
    <ClCompile Include="AppFinder.cpp">
      <Filter>基础层</Filter>
    </ClCompile>
    <ClCompile Include="WindowsController.cpp">
      <Filter>基础层</Filter>
    </ClCompile>
    <ClCompile Include="InputSimulator.cpp">
      <Filter>基础层</Filter>
    </ClCompile>
    <ClCompile Include="WeChatAutomation.cpp">
      <Filter>业务层</Filter>
    </ClCompile>
  </ItemGroup>
  <ItemGroup>
    <ResourceCompile Include="autoChat.rc">
      <Filter>资源文件</Filter>
    </ResourceCompile>
  </ItemGroup>
  <ItemGroup>
    <Image Include="small.ico">
      <Filter>资源文件</Filter>
    </Image>
    <Image Include="autoChat.ico">
      <Filter>资源文件</Filter>
    </Image>
  </ItemGroup>
  <ItemGroup>
    <None Include="TodoList.md">
      <Filter>文档</Filter>
    </None>
  </ItemGroup>
</Project>